PODS:
  - Flutter (1.0.0)
  - flutter_native_select (0.0.1):
    - Flutter

DEPENDENCIES:
  - Flutter (from `Flutter`)
  - flutter_native_select (from `.symlinks/plugins/flutter_native_select/ios`)

EXTERNAL SOURCES:
  Flutter:
    :path: Flutter
  flutter_native_select:
    :path: ".symlinks/plugins/flutter_native_select/ios"

SPEC CHECKSUMS:
  Flutter: f04841e97a9d0b0a8025694d0796dd46242b2854
  flutter_native_select: 59d7efde2076c605731f9279109e91ed97249ea8

PODFILE CHECKSUM: aafe91acc616949ddb318b77800a7f51bffa2a4c

COCOAPODS: 1.12.1
